// !$*UTF8*$!
{
	archiveVersion = 1;
	classes = {
	};
	objectVersion = 48;
	objects = {

/* Begin PBXBuildFile section */
		3B05606A20DCC6CB004B5D6A /* SectionCell.swift in Sources */ = {isa = PBXBuildFile; fileRef = 3B05606920DCC6CB004B5D6A /* SectionCell.swift */; };
		3B79136520DCC20D00EA5329 /* AppDelegate.swift in Sources */ = {isa = PBXBuildFile; fileRef = 3B79136420DCC20D00EA5329 /* AppDelegate.swift */; };
		3B79136720DCC20D00EA5329 /* ViewController.swift in Sources */ = {isa = PBXBuildFile; fileRef = 3B79136620DCC20D00EA5329 /* ViewController.swift */; };
		3B79136A20DCC20D00EA5329 /* Main.storyboard in Resources */ = {isa = PBXBuildFile; fileRef = 3B79136820DCC20D00EA5329 /* Main.storyboard */; };
		3B79136C20DCC20D00EA5329 /* Assets.xcassets in Resources */ = {isa = PBXBuildFile; fileRef = 3B79136B20DCC20D00EA5329 /* Assets.xcassets */; };
		3B79136F20DCC20D00EA5329 /* LaunchScreen.storyboard in Resources */ = {isa = PBXBuildFile; fileRef = 3B79136D20DCC20D00EA5329 /* LaunchScreen.storyboard */; };
		3B79137A20DCC20D00EA5329 /* FlickrTests.swift in Sources */ = {isa = PBXBuildFile; fileRef = 3B79137920DCC20D00EA5329 /* FlickrTests.swift */; };
		3B79138520DCC20D00EA5329 /* FlickrUITests.swift in Sources */ = {isa = PBXBuildFile; fileRef = 3B79138420DCC20D00EA5329 /* FlickrUITests.swift */; };
		3BE6FBC420DCCAB400BE5014 /* ItemCell.swift in Sources */ = {isa = PBXBuildFile; fileRef = 3BE6FBC320DCCAB400BE5014 /* ItemCell.swift */; };
		3BE6FBC620DCD15200BE5014 /* DetailVC.swift in Sources */ = {isa = PBXBuildFile; fileRef = 3BE6FBC520DCD15200BE5014 /* DetailVC.swift */; };
		3BE6FBC820DCD33A00BE5014 /* Constants.swift in Sources */ = {isa = PBXBuildFile; fileRef = 3BE6FBC720DCD33A00BE5014 /* Constants.swift */; };
		3BE6FBCA20DCDD8400BE5014 /* FlickrImage.swift in Sources */ = {isa = PBXBuildFile; fileRef = 3BE6FBC920DCDD8400BE5014 /* FlickrImage.swift */; };
		3BE6FBCC20DCDDBB00BE5014 /* FlickrManager.swift in Sources */ = {isa = PBXBuildFile; fileRef = 3BE6FBCB20DCDDBB00BE5014 /* FlickrManager.swift */; };
		3BE6FBCE20DCDE0900BE5014 /* PublicImage.swift in Sources */ = {isa = PBXBuildFile; fileRef = 3BE6FBCD20DCDE0900BE5014 /* PublicImage.swift */; };
		3BE6FBD020DCE54400BE5014 /* FlickrManagerTests.swift in Sources */ = {isa = PBXBuildFile; fileRef = 3BE6FBCF20DCE54400BE5014 /* FlickrManagerTests.swift */; };
		3BE6FBD220DCEA0A00BE5014 /* FlickrImageTests.swift in Sources */ = {isa = PBXBuildFile; fileRef = 3BE6FBD120DCEA0A00BE5014 /* FlickrImageTests.swift */; };
/* End PBXBuildFile section */

/* Begin PBXContainerItemProxy section */
		3B79137620DCC20D00EA5329 /* PBXContainerItemProxy */ = {
			isa = PBXContainerItemProxy;
			containerPortal = 3B79135920DCC20D00EA5329 /* Project object */;
			proxyType = 1;
			remoteGlobalIDString = 3B79136020DCC20D00EA5329;
			remoteInfo = Flickr;
		};
		3B79138120DCC20D00EA5329 /* PBXContainerItemProxy */ = {
			isa = PBXContainerItemProxy;
			containerPortal = 3B79135920DCC20D00EA5329 /* Project object */;
			proxyType = 1;
			remoteGlobalIDString = 3B79136020DCC20D00EA5329;
			remoteInfo = Flickr;
		};
/* End PBXContainerItemProxy section */

/* Begin PBXFileReference section */
		3B05606920DCC6CB004B5D6A /* SectionCell.swift */ = {isa = PBXFileReference; lastKnownFileType = sourcecode.swift; path = SectionCell.swift; sourceTree = "<group>"; };
		3B79136120DCC20D00EA5329 /* Flickr.app */ = {isa = PBXFileReference; explicitFileType = wrapper.application; includeInIndex = 0; path = Flickr.app; sourceTree = BUILT_PRODUCTS_DIR; };
		3B79136420DCC20D00EA5329 /* AppDelegate.swift */ = {isa = PBXFileReference; lastKnownFileType = sourcecode.swift; path = AppDelegate.swift; sourceTree = "<group>"; };
		3B79136620DCC20D00EA5329 /* ViewController.swift */ = {isa = PBXFileReference; lastKnownFileType = sourcecode.swift; path = ViewController.swift; sourceTree = "<group>"; };
		3B79136920DCC20D00EA5329 /* Base */ = {isa = PBXFileReference; lastKnownFileType = file.storyboard; name = Base; path = Base.lproj/Main.storyboard; sourceTree = "<group>"; };
		3B79136B20DCC20D00EA5329 /* Assets.xcassets */ = {isa = PBXFileReference; lastKnownFileType = folder.assetcatalog; path = Assets.xcassets; sourceTree = "<group>"; };
		3B79136E20DCC20D00EA5329 /* Base */ = {isa = PBXFileReference; lastKnownFileType = file.storyboard; name = Base; path = Base.lproj/LaunchScreen.storyboard; sourceTree = "<group>"; };
		3B79137020DCC20D00EA5329 /* Info.plist */ = {isa = PBXFileReference; lastKnownFileType = text.plist.xml; path = Info.plist; sourceTree = "<group>"; };
		3B79137520DCC20D00EA5329 /* FlickrTests.xctest */ = {isa = PBXFileReference; explicitFileType = wrapper.cfbundle; includeInIndex = 0; path = FlickrTests.xctest; sourceTree = BUILT_PRODUCTS_DIR; };
		3B79137920DCC20D00EA5329 /* FlickrTests.swift */ = {isa = PBXFileReference; lastKnownFileType = sourcecode.swift; path = FlickrTests.swift; sourceTree = "<group>"; };
		3B79137B20DCC20D00EA5329 /* Info.plist */ = {isa = PBXFileReference; lastKnownFileType = text.plist.xml; path = Info.plist; sourceTree = "<group>"; };
		3B79138020DCC20D00EA5329 /* FlickrUITests.xctest */ = {isa = PBXFileReference; explicitFileType = wrapper.cfbundle; includeInIndex = 0; path = FlickrUITests.xctest; sourceTree = BUILT_PRODUCTS_DIR; };
		3B79138420DCC20D00EA5329 /* FlickrUITests.swift */ = {isa = PBXFileReference; lastKnownFileType = sourcecode.swift; path = FlickrUITests.swift; sourceTree = "<group>"; };
		3B79138620DCC20D00EA5329 /* Info.plist */ = {isa = PBXFileReference; lastKnownFileType = text.plist.xml; path = Info.plist; sourceTree = "<group>"; };
		3BE6FBC320DCCAB400BE5014 /* ItemCell.swift */ = {isa = PBXFileReference; lastKnownFileType = sourcecode.swift; path = ItemCell.swift; sourceTree = "<group>"; };
		3BE6FBC520DCD15200BE5014 /* DetailVC.swift */ = {isa = PBXFileReference; lastKnownFileType = sourcecode.swift; path = DetailVC.swift; sourceTree = "<group>"; };
		3BE6FBC720DCD33A00BE5014 /* Constants.swift */ = {isa = PBXFileReference; lastKnownFileType = sourcecode.swift; name = Constants.swift; path = Flickr/Constants.swift; sourceTree = SOURCE_ROOT; };
		3BE6FBC920DCDD8400BE5014 /* FlickrImage.swift */ = {isa = PBXFileReference; lastKnownFileType = sourcecode.swift; path = FlickrImage.swift; sourceTree = "<group>"; };
		3BE6FBCB20DCDDBB00BE5014 /* FlickrManager.swift */ = {isa = PBXFileReference; lastKnownFileType = sourcecode.swift; path = FlickrManager.swift; sourceTree = "<group>"; };
		3BE6FBCD20DCDE0900BE5014 /* PublicImage.swift */ = {isa = PBXFileReference; lastKnownFileType = sourcecode.swift; path = PublicImage.swift; sourceTree = "<group>"; };
		3BE6FBCF20DCE54400BE5014 /* FlickrManagerTests.swift */ = {isa = PBXFileReference; lastKnownFileType = sourcecode.swift; path = FlickrManagerTests.swift; sourceTree = "<group>"; };
		3BE6FBD120DCEA0A00BE5014 /* FlickrImageTests.swift */ = {isa = PBXFileReference; lastKnownFileType = sourcecode.swift; path = FlickrImageTests.swift; sourceTree = "<group>"; };
/* End PBXFileReference section */

/* Begin PBXFrameworksBuildPhase section */
		3B79135E20DCC20D00EA5329 /* Frameworks */ = {
			isa = PBXFrameworksBuildPhase;
			buildActionMask = 2147483647;
			files = (
			);
			runOnlyForDeploymentPostprocessing = 0;
		};
		3B79137220DCC20D00EA5329 /* Frameworks */ = {
			isa = PBXFrameworksBuildPhase;
			buildActionMask = 2147483647;
			files = (
			);
			runOnlyForDeploymentPostprocessing = 0;
		};
		3B79137D20DCC20D00EA5329 /* Frameworks */ = {
			isa = PBXFrameworksBuildPhase;
			buildActionMask = 2147483647;
			files = (
			);
			runOnlyForDeploymentPostprocessing = 0;
		};
/* End PBXFrameworksBuildPhase section */

/* Begin PBXGroup section */
		3B79135820DCC20D00EA5329 = {
			isa = PBXGroup;
			children = (
				3B79136320DCC20D00EA5329 /* Flickr */,
				3B79137820DCC20D00EA5329 /* FlickrTests */,
				3B79138320DCC20D00EA5329 /* FlickrUITests */,
				3B79136220DCC20D00EA5329 /* Products */,
			);
			sourceTree = "<group>";
		};
		3B79136220DCC20D00EA5329 /* Products */ = {
			isa = PBXGroup;
			children = (
				3B79136120DCC20D00EA5329 /* Flickr.app */,
				3B79137520DCC20D00EA5329 /* FlickrTests.xctest */,
				3B79138020DCC20D00EA5329 /* FlickrUITests.xctest */,
			);
			name = Products;
			sourceTree = "<group>";
		};
		3B79136320DCC20D00EA5329 /* Flickr */ = {
			isa = PBXGroup;
			children = (
				3B79136420DCC20D00EA5329 /* AppDelegate.swift */,
				3BE6FBC720DCD33A00BE5014 /* Constants.swift */,
				3B79139520DCC26200EA5329 /* Storyboard */,
				3B79139420DCC25E00EA5329 /* Model */,
				3B79139320DCC25B00EA5329 /* Controller */,
				3B79139220DCC25500EA5329 /* View */,
				3B79139620DCC28100EA5329 /* Supporting files */,
				3B79137020DCC20D00EA5329 /* Info.plist */,
			);
			path = Flickr;
			sourceTree = "<group>";
		};
		3B79137820DCC20D00EA5329 /* FlickrTests */ = {
			isa = PBXGroup;
			children = (
				3B79137920DCC20D00EA5329 /* FlickrTests.swift */,
				3BE6FBD120DCEA0A00BE5014 /* FlickrImageTests.swift */,
				3BE6FBCF20DCE54400BE5014 /* FlickrManagerTests.swift */,
				3B79137B20DCC20D00EA5329 /* Info.plist */,
			);
			path = FlickrTests;
			sourceTree = "<group>";
		};
		3B79138320DCC20D00EA5329 /* FlickrUITests */ = {
			isa = PBXGroup;
			children = (
				3B79138420DCC20D00EA5329 /* FlickrUITests.swift */,
				3B79138620DCC20D00EA5329 /* Info.plist */,
			);
			path = FlickrUITests;
			sourceTree = "<group>";
		};
		3B79139220DCC25500EA5329 /* View */ = {
			isa = PBXGroup;
			children = (
				3B05606920DCC6CB004B5D6A /* SectionCell.swift */,
				3BE6FBC320DCCAB400BE5014 /* ItemCell.swift */,
			);
			path = View;
			sourceTree = "<group>";
		};
		3B79139320DCC25B00EA5329 /* Controller */ = {
			isa = PBXGroup;
			children = (
				3B79136620DCC20D00EA5329 /* ViewController.swift */,
				3BE6FBC520DCD15200BE5014 /* DetailVC.swift */,
			);
			path = Controller;
			sourceTree = "<group>";
		};
		3B79139420DCC25E00EA5329 /* Model */ = {
			isa = PBXGroup;
			children = (
				3BE6FBC920DCDD8400BE5014 /* FlickrImage.swift */,
				3BE6FBCB20DCDDBB00BE5014 /* FlickrManager.swift */,
				3BE6FBCD20DCDE0900BE5014 /* PublicImage.swift */,
			);
			path = Model;
			sourceTree = "<group>";
		};
		3B79139520DCC26200EA5329 /* Storyboard */ = {
			isa = PBXGroup;
			children = (
				3B79136820DCC20D00EA5329 /* Main.storyboard */,
				3B79136D20DCC20D00EA5329 /* LaunchScreen.storyboard */,
			);
			path = Storyboard;
			sourceTree = "<group>";
		};
		3B79139620DCC28100EA5329 /* Supporting files */ = {
			isa = PBXGroup;
			children = (
				3B79136B20DCC20D00EA5329 /* Assets.xcassets */,
			);
			path = "Supporting files";
			sourceTree = "<group>";
		};
/* End PBXGroup section */

/* Begin PBXNativeTarget section */
		3B79136020DCC20D00EA5329 /* Flickr */ = {
			isa = PBXNativeTarget;
			buildConfigurationList = 3B79138920DCC20D00EA5329 /* Build configuration list for PBXNativeTarget "Flickr" */;
			buildPhases = (
				3B79135D20DCC20D00EA5329 /* Sources */,
				3B79135E20DCC20D00EA5329 /* Frameworks */,
				3B79135F20DCC20D00EA5329 /* Resources */,
			);
			buildRules = (
			);
			dependencies = (
			);
			name = Flickr;
			productName = Flickr;
			productReference = 3B79136120DCC20D00EA5329 /* Flickr.app */;
			productType = "com.apple.product-type.application";
		};
		3B79137420DCC20D00EA5329 /* FlickrTests */ = {
			isa = PBXNativeTarget;
			buildConfigurationList = 3B79138C20DCC20D00EA5329 /* Build configuration list for PBXNativeTarget "FlickrTests" */;
			buildPhases = (
				3B79137120DCC20D00EA5329 /* Sources */,
				3B79137220DCC20D00EA5329 /* Frameworks */,
				3B79137320DCC20D00EA5329 /* Resources */,
			);
			buildRules = (
			);
			dependencies = (
				3B79137720DCC20D00EA5329 /* PBXTargetDependency */,
			);
			name = FlickrTests;
			productName = FlickrTests;
			productReference = 3B79137520DCC20D00EA5329 /* FlickrTests.xctest */;
			productType = "com.apple.product-type.bundle.unit-test";
		};
		3B79137F20DCC20D00EA5329 /* FlickrUITests */ = {
			isa = PBXNativeTarget;
			buildConfigurationList = 3B79138F20DCC20D00EA5329 /* Build configuration list for PBXNativeTarget "FlickrUITests" */;
			buildPhases = (
				3B79137C20DCC20D00EA5329 /* Sources */,
				3B79137D20DCC20D00EA5329 /* Frameworks */,
				3B79137E20DCC20D00EA5329 /* Resources */,
			);
			buildRules = (
			);
			dependencies = (
				3B79138220DCC20D00EA5329 /* PBXTargetDependency */,
			);
			name = FlickrUITests;
			productName = FlickrUITests;
			productReference = 3B79138020DCC20D00EA5329 /* FlickrUITests.xctest */;
			productType = "com.apple.product-type.bundle.ui-testing";
		};
/* End PBXNativeTarget section */

/* Begin PBXProject section */
		3B79135920DCC20D00EA5329 /* Project object */ = {
			isa = PBXProject;
			attributes = {
				LastSwiftUpdateCheck = 0920;
				LastUpgradeCheck = 0920;
				ORGANIZATIONNAME = Gent;
				TargetAttributes = {
					3B79136020DCC20D00EA5329 = {
						CreatedOnToolsVersion = 9.2;
						ProvisioningStyle = Automatic;
					};
					3B79137420DCC20D00EA5329 = {
						CreatedOnToolsVersion = 9.2;
						ProvisioningStyle = Automatic;
						TestTargetID = 3B79136020DCC20D00EA5329;
					};
					3B79137F20DCC20D00EA5329 = {
						CreatedOnToolsVersion = 9.2;
						ProvisioningStyle = Automatic;
						TestTargetID = 3B79136020DCC20D00EA5329;
					};
				};
			};
			buildConfigurationList = 3B79135C20DCC20D00EA5329 /* Build configuration list for PBXProject "Flickr" */;
			compatibilityVersion = "Xcode 8.0";
			developmentRegion = en;
			hasScannedForEncodings = 0;
			knownRegions = (
				en,
				Base,
			);
			mainGroup = 3B79135820DCC20D00EA5329;
			productRefGroup = 3B79136220DCC20D00EA5329 /* Products */;
			projectDirPath = "";
			projectRoot = "";
			targets = (
				3B79136020DCC20D00EA5329 /* Flickr */,
				3B79137420DCC20D00EA5329 /* FlickrTests */,
				3B79137F20DCC20D00EA5329 /* FlickrUITests */,
			);
		};
/* End PBXProject section */

/* Begin PBXResourcesBuildPhase section */
		3B79135F20DCC20D00EA5329 /* Resources */ = {
			isa = PBXResourcesBuildPhase;
			buildActionMask = 2147483647;
			files = (
				3B79136F20DCC20D00EA5329 /* LaunchScreen.storyboard in Resources */,
				3B79136C20DCC20D00EA5329 /* Assets.xcassets in Resources */,
				3B79136A20DCC20D00EA5329 /* Main.storyboard in Resources */,
			);
			runOnlyForDeploymentPostprocessing = 0;
		};
		3B79137320DCC20D00EA5329 /* Resources */ = {
			isa = PBXResourcesBuildPhase;
			buildActionMask = 2147483647;
			files = (
			);
			runOnlyForDeploymentPostprocessing = 0;
		};
		3B79137E20DCC20D00EA5329 /* Resources */ = {
			isa = PBXResourcesBuildPhase;
			buildActionMask = 2147483647;
			files = (
			);
			runOnlyForDeploymentPostprocessing = 0;
		};
/* End PBXResourcesBuildPhase section */

/* Begin PBXSourcesBuildPhase section */
		3B79135D20DCC20D00EA5329 /* Sources */ = {
			isa = PBXSourcesBuildPhase;
			buildActionMask = 2147483647;
			files = (
				3BE6FBCA20DCDD8400BE5014 /* FlickrImage.swift in Sources */,
				3BE6FBC620DCD15200BE5014 /* DetailVC.swift in Sources */,
				3BE6FBCE20DCDE0900BE5014 /* PublicImage.swift in Sources */,
				3BE6FBC420DCCAB400BE5014 /* ItemCell.swift in Sources */,
				3B05606A20DCC6CB004B5D6A /* SectionCell.swift in Sources */,
				3BE6FBCC20DCDDBB00BE5014 /* FlickrManager.swift in Sources */,
				3B79136720DCC20D00EA5329 /* ViewController.swift in Sources */,
				3B79136520DCC20D00EA5329 /* AppDelegate.swift in Sources */,
				3BE6FBC820DCD33A00BE5014 /* Constants.swift in Sources */,
			);
			runOnlyForDeploymentPostprocessing = 0;
		};
		3B79137120DCC20D00EA5329 /* Sources */ = {
			isa = PBXSourcesBuildPhase;
			buildActionMask = 2147483647;
			files = (
				3BE6FBD020DCE54400BE5014 /* FlickrManagerTests.swift in Sources */,
				3B79137A20DCC20D00EA5329 /* FlickrTests.swift in Sources */,
				3BE6FBD220DCEA0A00BE5014 /* FlickrImageTests.swift in Sources */,
			);
			runOnlyForDeploymentPostprocessing = 0;
		};
		3B79137C20DCC20D00EA5329 /* Sources */ = {
			isa = PBXSourcesBuildPhase;
			buildActionMask = 2147483647;
			files = (
				3B79138520DCC20D00EA5329 /* FlickrUITests.swift in Sources */,
			);
			runOnlyForDeploymentPostprocessing = 0;
		};
/* End PBXSourcesBuildPhase section */

/* Begin PBXTargetDependency section */
		3B79137720DCC20D00EA5329 /* PBXTargetDependency */ = {
			isa = PBXTargetDependency;
			target = 3B79136020DCC20D00EA5329 /* Flickr */;
			targetProxy = 3B79137620DCC20D00EA5329 /* PBXContainerItemProxy */;
		};
		3B79138220DCC20D00EA5329 /* PBXTargetDependency */ = {
			isa = PBXTargetDependency;
			target = 3B79136020DCC20D00EA5329 /* Flickr */;
			targetProxy = 3B79138120DCC20D00EA5329 /* PBXContainerItemProxy */;
		};
/* End PBXTargetDependency section */

/* Begin PBXVariantGroup section */
		3B79136820DCC20D00EA5329 /* Main.storyboard */ = {
			isa = PBXVariantGroup;
			children = (
				3B79136920DCC20D00EA5329 /* Base */,
			);
			name = Main.storyboard;
			sourceTree = "<group>";
		};
		3B79136D20DCC20D00EA5329 /* LaunchScreen.storyboard */ = {
			isa = PBXVariantGroup;
			children = (
				3B79136E20DCC20D00EA5329 /* Base */,
			);
			name = LaunchScreen.storyboard;
			sourceTree = "<group>";
		};
/* End PBXVariantGroup section */

/* Begin XCBuildConfiguration section */
		3B79138720DCC20D00EA5329 /* Debug */ = {
			isa = XCBuildConfiguration;
			buildSettings = {
				ALWAYS_SEARCH_USER_PATHS = NO;
				CLANG_ANALYZER_NONNULL = YES;
				CLANG_ANALYZER_NUMBER_OBJECT_CONVERSION = YES_AGGRESSIVE;
				CLANG_CXX_LANGUAGE_STANDARD = "gnu++14";
				CLANG_CXX_LIBRARY = "libc++";
				CLANG_ENABLE_MODULES = YES;
				CLANG_ENABLE_OBJC_ARC = YES;
				CLANG_WARN_BLOCK_CAPTURE_AUTORELEASING = YES;
				CLANG_WARN_BOOL_CONVERSION = YES;
				CLANG_WARN_COMMA = YES;
				CLANG_WARN_CONSTANT_CONVERSION = YES;
				CLANG_WARN_DIRECT_OBJC_ISA_USAGE = YES_ERROR;
				CLANG_WARN_DOCUMENTATION_COMMENTS = YES;
				CLANG_WARN_EMPTY_BODY = YES;
				CLANG_WARN_ENUM_CONVERSION = YES;
				CLANG_WARN_INFINITE_RECURSION = YES;
				CLANG_WARN_INT_CONVERSION = YES;
				CLANG_WARN_NON_LITERAL_NULL_CONVERSION = YES;
				CLANG_WARN_OBJC_LITERAL_CONVERSION = YES;
				CLANG_WARN_OBJC_ROOT_CLASS = YES_ERROR;
				CLANG_WARN_RANGE_LOOP_ANALYSIS = YES;
				CLANG_WARN_STRICT_PROTOTYPES = YES;
				CLANG_WARN_SUSPICIOUS_MOVE = YES;
				CLANG_WARN_UNGUARDED_AVAILABILITY = YES_AGGRESSIVE;
				CLANG_WARN_UNREACHABLE_CODE = YES;
				CLANG_WARN__DUPLICATE_METHOD_MATCH = YES;
				CODE_SIGN_IDENTITY = "iPhone Developer";
				COPY_PHASE_STRIP = NO;
				DEBUG_INFORMATION_FORMAT = dwarf;
				ENABLE_STRICT_OBJC_MSGSEND = YES;
				ENABLE_TESTABILITY = YES;
				GCC_C_LANGUAGE_STANDARD = gnu11;
				GCC_DYNAMIC_NO_PIC = NO;
				GCC_NO_COMMON_BLOCKS = YES;
				GCC_OPTIMIZATION_LEVEL = 0;
				GCC_PREPROCESSOR_DEFINITIONS = (
					"DEBUG=1",
					"$(inherited)",
				);
				GCC_WARN_64_TO_32_BIT_CONVERSION = YES;
				GCC_WARN_ABOUT_RETURN_TYPE = YES_ERROR;
				GCC_WARN_UNDECLARED_SELECTOR = YES;
				GCC_WARN_UNINITIALIZED_AUTOS = YES_AGGRESSIVE;
				GCC_WARN_UNUSED_FUNCTION = YES;
				GCC_WARN_UNUSED_VARIABLE = YES;
				IPHONEOS_DEPLOYMENT_TARGET = 11.2;
				MTL_ENABLE_DEBUG_INFO = YES;
				ONLY_ACTIVE_ARCH = YES;
				SDKROOT = iphoneos;
				SWIFT_ACTIVE_COMPILATION_CONDITIONS = DEBUG;
				SWIFT_OPTIMIZATION_LEVEL = "-Onone";
			};
			name = Debug;
		};
		3B79138820DCC20D00EA5329 /* Release */ = {
			isa = XCBuildConfiguration;
			buildSettings = {
				ALWAYS_SEARCH_USER_PATHS = NO;
				CLANG_ANALYZER_NONNULL = YES;
				CLANG_ANALYZER_NUMBER_OBJECT_CONVERSION = YES_AGGRESSIVE;
				CLANG_CXX_LANGUAGE_STANDARD = "gnu++14";
				CLANG_CXX_LIBRARY = "libc++";
				CLANG_ENABLE_MODULES = YES;
				CLANG_ENABLE_OBJC_ARC = YES;
				CLANG_WARN_BLOCK_CAPTURE_AUTORELEASING = YES;
				CLANG_WARN_BOOL_CONVERSION = YES;
				CLANG_WARN_COMMA = YES;
				CLANG_WARN_CONSTANT_CONVERSION = YES;
				CLANG_WARN_DIRECT_OBJC_ISA_USAGE = YES_ERROR;
				CLANG_WARN_DOCUMENTATION_COMMENTS = YES;
				CLANG_WARN_EMPTY_BODY = YES;
				CLANG_WARN_ENUM_CONVERSION = YES;
				CLANG_WARN_INFINITE_RECURSION = YES;
				CLANG_WARN_INT_CONVERSION = YES;
				CLANG_WARN_NON_LITERAL_NULL_CONVERSION = YES;
				CLANG_WARN_OBJC_LITERAL_CONVERSION = YES;
				CLANG_WARN_OBJC_ROOT_CLASS = YES_ERROR;
				CLANG_WARN_RANGE_LOOP_ANALYSIS = YES;
				CLANG_WARN_STRICT_PROTOTYPES = YES;
				CLANG_WARN_SUSPICIOUS_MOVE = YES;
				CLANG_WARN_UNGUARDED_AVAILABILITY = YES_AGGRESSIVE;
				CLANG_WARN_UNREACHABLE_CODE = YES;
				CLANG_WARN__DUPLICATE_METHOD_MATCH = YES;
				CODE_SIGN_IDENTITY = "iPhone Developer";
				COPY_PHASE_STRIP = NO;
				DEBUG_INFORMATION_FORMAT = "dwarf-with-dsym";
				ENABLE_NS_ASSERTIONS = NO;
				ENABLE_STRICT_OBJC_MSGSEND = YES;
				GCC_C_LANGUAGE_STANDARD = gnu11;
				GCC_NO_COMMON_BLOCKS = YES;
				GCC_WARN_64_TO_32_BIT_CONVERSION = YES;
				GCC_WARN_ABOUT_RETURN_TYPE = YES_ERROR;
				GCC_WARN_UNDECLARED_SELECTOR = YES;
				GCC_WARN_UNINITIALIZED_AUTOS = YES_AGGRESSIVE;
				GCC_WARN_UNUSED_FUNCTION = YES;
				GCC_WARN_UNUSED_VARIABLE = YES;
				IPHONEOS_DEPLOYMENT_TARGET = 11.2;
				MTL_ENABLE_DEBUG_INFO = NO;
				SDKROOT = iphoneos;
				SWIFT_OPTIMIZATION_LEVEL = "-Owholemodule";
				VALIDATE_PRODUCT = YES;
			};
			name = Release;
		};
		3B79138A20DCC20D00EA5329 /* Debug */ = {
			isa = XCBuildConfiguration;
			buildSettings = {
				ASSETCATALOG_COMPILER_APPICON_NAME = AppIcon;
				CODE_SIGN_STYLE = Automatic;
				DEVELOPMENT_TEAM = 67V66TXXUZ;
				INFOPLIST_FILE = Flickr/Info.plist;
				LD_RUNPATH_SEARCH_PATHS = "$(inherited) @executable_path/Frameworks";
				PRODUCT_BUNDLE_IDENTIFIER = xo.Flickr;
				PRODUCT_NAME = "$(TARGET_NAME)";
				SWIFT_VERSION = 4.0;
				TARGETED_DEVICE_FAMILY = "1,2";
			};
			name = Debug;
		};
		3B79138B20DCC20D00EA5329 /* Release */ = {
			isa = XCBuildConfiguration;
			buildSettings = {
				ASSETCATALOG_COMPILER_APPICON_NAME = AppIcon;
				CODE_SIGN_STYLE = Automatic;
				DEVELOPMENT_TEAM = 67V66TXXUZ;
				INFOPLIST_FILE = Flickr/Info.plist;
				LD_RUNPATH_SEARCH_PATHS = "$(inherited) @executable_path/Frameworks";
				PRODUCT_BUNDLE_IDENTIFIER = xo.Flickr;
				PRODUCT_NAME = "$(TARGET_NAME)";
				SWIFT_VERSION = 4.0;
				TARGETED_DEVICE_FAMILY = "1,2";
			};
			name = Release;
		};
		3B79138D20DCC20D00EA5329 /* Debug */ = {
			isa = XCBuildConfiguration;
			buildSettings = {
				ALWAYS_EMBED_SWIFT_STANDARD_LIBRARIES = YES;
				BUNDLE_LOADER = "$(TEST_HOST)";
				CODE_SIGN_STYLE = Automatic;
				DEVELOPMENT_TEAM = 67V66TXXUZ;
				INFOPLIST_FILE = FlickrTests/Info.plist;
				LD_RUNPATH_SEARCH_PATHS = "$(inherited) @executable_path/Frameworks @loader_path/Frameworks";
				PRODUCT_BUNDLE_IDENTIFIER = xo.FlickrTests;
				PRODUCT_NAME = "$(TARGET_NAME)";
				SWIFT_VERSION = 4.0;
				TARGETED_DEVICE_FAMILY = "1,2";
				TEST_HOST = "$(BUILT_PRODUCTS_DIR)/Flickr.app/Flickr";
			};
			name = Debug;
		};
		3B79138E20DCC20D00EA5329 /* Release */ = {
			isa = XCBuildConfiguration;
			buildSettings = {
				ALWAYS_EMBED_SWIFT_STANDARD_LIBRARIES = YES;
				BUNDLE_LOADER = "$(TEST_HOST)";
				CODE_SIGN_STYLE = Automatic;
				DEVELOPMENT_TEAM = 67V66TXXUZ;
				INFOPLIST_FILE = FlickrTests/Info.plist;
				LD_RUNPATH_SEARCH_PATHS = "$(inherited) @executable_path/Frameworks @loader_path/Frameworks";
				PRODUCT_BUNDLE_IDENTIFIER = xo.FlickrTests;
				PRODUCT_NAME = "$(TARGET_NAME)";
				SWIFT_VERSION = 4.0;
				TARGETED_DEVICE_FAMILY = "1,2";
				TEST_HOST = "$(BUILT_PRODUCTS_DIR)/Flickr.app/Flickr";
			};
			name = Release;
		};
		3B79139020DCC20D00EA5329 /* Debug */ = {
			isa = XCBuildConfiguration;
			buildSettings = {
				ALWAYS_EMBED_SWIFT_STANDARD_LIBRARIES = YES;
				CODE_SIGN_STYLE = Automatic;
				DEVELOPMENT_TEAM = 67V66TXXUZ;
				INFOPLIST_FILE = FlickrUITests/Info.plist;
				LD_RUNPATH_SEARCH_PATHS = "$(inherited) @executable_path/Frameworks @loader_path/Frameworks";
				PRODUCT_BUNDLE_IDENTIFIER = xo.FlickrUITests;
				PRODUCT_NAME = "$(TARGET_NAME)";
				SWIFT_VERSION = 4.0;
				TARGETED_DEVICE_FAMILY = "1,2";
				TEST_TARGET_NAME = Flickr;
			};
			name = Debug;
		};
		3B79139120DCC20D00EA5329 /* Release */ = {
			isa = XCBuildConfiguration;
			buildSettings = {
				ALWAYS_EMBED_SWIFT_STANDARD_LIBRARIES = YES;
				CODE_SIGN_STYLE = Automatic;
				DEVELOPMENT_TEAM = 67V66TXXUZ;
				INFOPLIST_FILE = FlickrUITests/Info.plist;
				LD_RUNPATH_SEARCH_PATHS = "$(inherited) @executable_path/Frameworks @loader_path/Frameworks";
				PRODUCT_BUNDLE_IDENTIFIER = xo.FlickrUITests;
				PRODUCT_NAME = "$(TARGET_NAME)";
				SWIFT_VERSION = 4.0;
				TARGETED_DEVICE_FAMILY = "1,2";
				TEST_TARGET_NAME = Flickr;
			};
			name = Release;
		};
/* End XCBuildConfiguration section */

/* Begin XCConfigurationList section */
		3B79135C20DCC20D00EA5329 /* Build configuration list for PBXProject "Flickr" */ = {
			isa = XCConfigurationList;
			buildConfigurations = (
				3B79138720DCC20D00EA5329 /* Debug */,
				3B79138820DCC20D00EA5329 /* Release */,
			);
			defaultConfigurationIsVisible = 0;
			defaultConfigurationName = Release;
		};
		3B79138920DCC20D00EA5329 /* Build configuration list for PBXNativeTarget "Flickr" */ = {
			isa = XCConfigurationList;
			buildConfigurations = (
				3B79138A20DCC20D00EA5329 /* Debug */,
				3B79138B20DCC20D00EA5329 /* Release */,
			);
			defaultConfigurationIsVisible = 0;
			defaultConfigurationName = Release;
		};
		3B79138C20DCC20D00EA5329 /* Build configuration list for PBXNativeTarget "FlickrTests" */ = {
			isa = XCConfigurationList;
			buildConfigurations = (
				3B79138D20DCC20D00EA5329 /* Debug */,
				3B79138E20DCC20D00EA5329 /* Release */,
			);
			defaultConfigurationIsVisible = 0;
			defaultConfigurationName = Release;
		};
		3B79138F20DCC20D00EA5329 /* Build configuration list for PBXNativeTarget "FlickrUITests" */ = {
			isa = XCConfigurationList;
			buildConfigurations = (
				3B79139020DCC20D00EA5329 /* Debug */,
				3B79139120DCC20D00EA5329 /* Release */,
			);
			defaultConfigurationIsVisible = 0;
			defaultConfigurationName = Release;
		};
/* End XCConfigurationList section */
	};
	rootObject = 3B79135920DCC20D00EA5329 /* Project object */;
}
